// !$*UTF8*$!
{
	archiveVersion = 1;
	classes = {
	};
	objectVersion = 46;
	objects = {

/* Begin PBXBuildFile section */
		F90D5F321B7A61F900629BF2 /* AppDelegate.swift in Sources */ = {isa = PBXBuildFile; fileRef = F90D5F311B7A61F900629BF2 /* AppDelegate.swift */; };
		F90D5F341B7A61F900629BF2 /* ViewController.swift in Sources */ = {isa = PBXBuildFile; fileRef = F90D5F331B7A61F900629BF2 /* ViewController.swift */; };
		F90D5F371B7A61F900629BF2 /* Main.storyboard in Resources */ = {isa = PBXBuildFile; fileRef = F90D5F351B7A61F900629BF2 /* Main.storyboard */; };
		F90D5F391B7A61F900629BF2 /* Images.xcassets in Resources */ = {isa = PBXBuildFile; fileRef = F90D5F381B7A61F900629BF2 /* Images.xcassets */; };
		F90D5F3C1B7A61F900629BF2 /* LaunchScreen.xib in Resources */ = {isa = PBXBuildFile; fileRef = F90D5F3A1B7A61F900629BF2 /* LaunchScreen.xib */; };
		F90D5F481B7A61F900629BF2 /* testMultiTableViewTests.swift in Sources */ = {isa = PBXBuildFile; fileRef = F90D5F471B7A61F900629BF2 /* testMultiTableViewTests.swift */; };
		F90D5F521B7A62B000629BF2 /* tableViewFile.swift in Sources */ = {isa = PBXBuildFile; fileRef = F90D5F511B7A62B000629BF2 /* tableViewFile.swift */; };
/* End PBXBuildFile section */

/* Begin PBXContainerItemProxy section */
		F90D5F421B7A61F900629BF2 /* PBXContainerItemProxy */ = {
			isa = PBXContainerItemProxy;
			containerPortal = F90D5F241B7A61F900629BF2 /* Project object */;
			proxyType = 1;
			remoteGlobalIDString = F90D5F2B1B7A61F900629BF2;
			remoteInfo = testMultiTableView;
		};
/* End PBXContainerItemProxy section */

/* Begin PBXFileReference section */
		F90D5F2C1B7A61F900629BF2 /* testMultiTableView.app */ = {isa = PBXFileReference; explicitFileType = wrapper.application; includeInIndex = 0; path = testMultiTableView.app; sourceTree = BUILT_PRODUCTS_DIR; };
		F90D5F301B7A61F900629BF2 /* Info.plist */ = {isa = PBXFileReference; lastKnownFileType = text.plist.xml; path = Info.plist; sourceTree = "<group>"; };
		F90D5F311B7A61F900629BF2 /* AppDelegate.swift */ = {isa = PBXFileReference; lastKnownFileType = sourcecode.swift; path = AppDelegate.swift; sourceTree = "<group>"; };
		F90D5F331B7A61F900629BF2 /* ViewController.swift */ = {isa = PBXFileReference; lastKnownFileType = sourcecode.swift; path = ViewController.swift; sourceTree = "<group>"; };
		F90D5F361B7A61F900629BF2 /* Base */ = {isa = PBXFileReference; lastKnownFileType = file.storyboard; name = Base; path = Base.lproj/Main.storyboard; sourceTree = "<group>"; };
		F90D5F381B7A61F900629BF2 /* Images.xcassets */ = {isa = PBXFileReference; lastKnownFileType = folder.assetcatalog; path = Images.xcassets; sourceTree = "<group>"; };
		F90D5F3B1B7A61F900629BF2 /* Base */ = {isa = PBXFileReference; lastKnownFileType = file.xib; name = Base; path = Base.lproj/LaunchScreen.xib; sourceTree = "<group>"; };
		F90D5F411B7A61F900629BF2 /* testMultiTableViewTests.xctest */ = {isa = PBXFileReference; explicitFileType = wrapper.cfbundle; includeInIndex = 0; path = testMultiTableViewTests.xctest; sourceTree = BUILT_PRODUCTS_DIR; };
		F90D5F461B7A61F900629BF2 /* Info.plist */ = {isa = PBXFileReference; lastKnownFileType = text.plist.xml; path = Info.plist; sourceTree = "<group>"; };
		F90D5F471B7A61F900629BF2 /* testMultiTableViewTests.swift */ = {isa = PBXFileReference; lastKnownFileType = sourcecode.swift; path = testMultiTableViewTests.swift; sourceTree = "<group>"; };
		F90D5F511B7A62B000629BF2 /* tableViewFile.swift */ = {isa = PBXFileReference; fileEncoding = 4; lastKnownFileType = sourcecode.swift; path = tableViewFile.swift; sourceTree = "<group>"; };
/* End PBXFileReference section */

/* Begin PBXFrameworksBuildPhase section */
		F90D5F291B7A61F900629BF2 /* Frameworks */ = {
			isa = PBXFrameworksBuildPhase;
			buildActionMask = 2147483647;
			files = (
			);
			runOnlyForDeploymentPostprocessing = 0;
		};
		F90D5F3E1B7A61F900629BF2 /* Frameworks */ = {
			isa = PBXFrameworksBuildPhase;
			buildActionMask = 2147483647;
			files = (
			);
			runOnlyForDeploymentPostprocessing = 0;
		};
/* End PBXFrameworksBuildPhase section */

/* Begin PBXGroup section */
		F90D5F231B7A61F900629BF2 = {
			isa = PBXGroup;
			children = (
				F90D5F2E1B7A61F900629BF2 /* testMultiTableView */,
				F90D5F441B7A61F900629BF2 /* testMultiTableViewTests */,
				F90D5F2D1B7A61F900629BF2 /* Products */,
			);
			sourceTree = "<group>";
		};
		F90D5F2D1B7A61F900629BF2 /* Products */ = {
			isa = PBXGroup;
			children = (
				F90D5F2C1B7A61F900629BF2 /* testMultiTableView.app */,
				F90D5F411B7A61F900629BF2 /* testMultiTableViewTests.xctest */,
			);
			name = Products;
			sourceTree = "<group>";
		};
		F90D5F2E1B7A61F900629BF2 /* testMultiTableView */ = {
			isa = PBXGroup;
			children = (
				F90D5F311B7A61F900629BF2 /* AppDelegate.swift */,
				F90D5F331B7A61F900629BF2 /* ViewController.swift */,
				F90D5F351B7A61F900629BF2 /* Main.storyboard */,
				F90D5F381B7A61F900629BF2 /* Images.xcassets */,
				F90D5F3A1B7A61F900629BF2 /* LaunchScreen.xib */,
				F90D5F2F1B7A61F900629BF2 /* Supporting Files */,
				F90D5F511B7A62B000629BF2 /* tableViewFile.swift */,
			);
			path = testMultiTableView;
			sourceTree = "<group>";
		};
		F90D5F2F1B7A61F900629BF2 /* Supporting Files */ = {
			isa = PBXGroup;
			children = (
				F90D5F301B7A61F900629BF2 /* Info.plist */,
			);
			name = "Supporting Files";
			sourceTree = "<group>";
		};
		F90D5F441B7A61F900629BF2 /* testMultiTableViewTests */ = {
			isa = PBXGroup;
			children = (
				F90D5F471B7A61F900629BF2 /* testMultiTableViewTests.swift */,
				F90D5F451B7A61F900629BF2 /* Supporting Files */,
			);
			path = testMultiTableViewTests;
			sourceTree = "<group>";
		};
		F90D5F451B7A61F900629BF2 /* Supporting Files */ = {
			isa = PBXGroup;
			children = (
				F90D5F461B7A61F900629BF2 /* Info.plist */,
			);
			name = "Supporting Files";
			sourceTree = "<group>";
		};
/* End PBXGroup section */

/* Begin PBXNativeTarget section */
		F90D5F2B1B7A61F900629BF2 /* testMultiTableView */ = {
			isa = PBXNativeTarget;
			buildConfigurationList = F90D5F4B1B7A61F900629BF2 /* Build configuration list for PBXNativeTarget "testMultiTableView" */;
			buildPhases = (
				F90D5F281B7A61F900629BF2 /* Sources */,
				F90D5F291B7A61F900629BF2 /* Frameworks */,
				F90D5F2A1B7A61F900629BF2 /* Resources */,
			);
			buildRules = (
			);
			dependencies = (
			);
			name = testMultiTableView;
			productName = testMultiTableView;
			productReference = F90D5F2C1B7A61F900629BF2 /* testMultiTableView.app */;
			productType = "com.apple.product-type.application";
		};
		F90D5F401B7A61F900629BF2 /* testMultiTableViewTests */ = {
			isa = PBXNativeTarget;
			buildConfigurationList = F90D5F4E1B7A61F900629BF2 /* Build configuration list for PBXNativeTarget "testMultiTableViewTests" */;
			buildPhases = (
				F90D5F3D1B7A61F900629BF2 /* Sources */,
				F90D5F3E1B7A61F900629BF2 /* Frameworks */,
				F90D5F3F1B7A61F900629BF2 /* Resources */,
			);
			buildRules = (
			);
			dependencies = (
				F90D5F431B7A61F900629BF2 /* PBXTargetDependency */,
			);
			name = testMultiTableViewTests;
			productName = testMultiTableViewTests;
			productReference = F90D5F411B7A61F900629BF2 /* testMultiTableViewTests.xctest */;
			productType = "com.apple.product-type.bundle.unit-test";
		};
/* End PBXNativeTarget section */

/* Begin PBXProject section */
		F90D5F241B7A61F900629BF2 /* Project object */ = {
			isa = PBXProject;
			attributes = {
				LastUpgradeCheck = 0640;
				ORGANIZATIONNAME = letDesign;
				TargetAttributes = {
					F90D5F2B1B7A61F900629BF2 = {
						CreatedOnToolsVersion = 6.4;
					};
					F90D5F401B7A61F900629BF2 = {
						CreatedOnToolsVersion = 6.4;
						TestTargetID = F90D5F2B1B7A61F900629BF2;
					};
				};
			};
			buildConfigurationList = F90D5F271B7A61F900629BF2 /* Build configuration list for PBXProject "testMultiTableView" */;
			compatibilityVersion = "Xcode 3.2";
			developmentRegion = English;
			hasScannedForEncodings = 0;
			knownRegions = (
				en,
				Base,
			);
			mainGroup = F90D5F231B7A61F900629BF2;
			productRefGroup = F90D5F2D1B7A61F900629BF2 /* Products */;
			projectDirPath = "";
			projectRoot = "";
			targets = (
				F90D5F2B1B7A61F900629BF2 /* testMultiTableView */,
				F90D5F401B7A61F900629BF2 /* testMultiTableViewTests */,
			);
		};
/* End PBXProject section */

/* Begin PBXResourcesBuildPhase section */
		F90D5F2A1B7A61F900629BF2 /* Resources */ = {
			isa = PBXResourcesBuildPhase;
			buildActionMask = 2147483647;
			files = (
				F90D5F371B7A61F900629BF2 /* Main.storyboard in Resources */,
				F90D5F3C1B7A61F900629BF2 /* LaunchScreen.xib in Resources */,
				F90D5F391B7A61F900629BF2 /* Images.xcassets in Resources */,
			);
			runOnlyForDeploymentPostprocessing = 0;
		};
		F90D5F3F1B7A61F900629BF2 /* Resources */ = {
			isa = PBXResourcesBuildPhase;
			buildActionMask = 2147483647;
			files = (
			);
			runOnlyForDeploymentPostprocessing = 0;
		};
/* End PBXResourcesBuildPhase section */

/* Begin PBXSourcesBuildPhase section */
		F90D5F281B7A61F900629BF2 /* Sources */ = {
			isa = PBXSourcesBuildPhase;
			buildActionMask = 2147483647;
			files = (
				F90D5F341B7A61F900629BF2 /* ViewController.swift in Sources */,
				F90D5F521B7A62B000629BF2 /* tableViewFile.swift in Sources */,
				F90D5F321B7A61F900629BF2 /* AppDelegate.swift in Sources */,
			);
			runOnlyForDeploymentPostprocessing = 0;
		};
		F90D5F3D1B7A61F900629BF2 /* Sources */ = {
			isa = PBXSourcesBuildPhase;
			buildActionMask = 2147483647;
			files = (
				F90D5F481B7A61F900629BF2 /* testMultiTableViewTests.swift in Sources */,
			);
			runOnlyForDeploymentPostprocessing = 0;
		};
/* End PBXSourcesBuildPhase section */

/* Begin PBXTargetDependency section */
		F90D5F431B7A61F900629BF2 /* PBXTargetDependency */ = {
			isa = PBXTargetDependency;
			target = F90D5F2B1B7A61F900629BF2 /* testMultiTableView */;
			targetProxy = F90D5F421B7A61F900629BF2 /* PBXContainerItemProxy */;
		};
/* End PBXTargetDependency section */

/* Begin PBXVariantGroup section */
		F90D5F351B7A61F900629BF2 /* Main.storyboard */ = {
			isa = PBXVariantGroup;
			children = (
				F90D5F361B7A61F900629BF2 /* Base */,
			);
			name = Main.storyboard;
			sourceTree = "<group>";
		};
		F90D5F3A1B7A61F900629BF2 /* LaunchScreen.xib */ = {
			isa = PBXVariantGroup;
			children = (
				F90D5F3B1B7A61F900629BF2 /* Base */,
			);
			name = LaunchScreen.xib;
			sourceTree = "<group>";
		};
/* End PBXVariantGroup section */

/* Begin XCBuildConfiguration section */
		F90D5F491B7A61F900629BF2 /* Debug */ = {
			isa = XCBuildConfiguration;
			buildSettings = {
				ALWAYS_SEARCH_USER_PATHS = NO;
				CLANG_CXX_LANGUAGE_STANDARD = "gnu++0x";
				CLANG_CXX_LIBRARY = "libc++";
				CLANG_ENABLE_MODULES = YES;
				CLANG_ENABLE_OBJC_ARC = YES;
				CLANG_WARN_BOOL_CONVERSION = YES;
				CLANG_WARN_CONSTANT_CONVERSION = YES;
				CLANG_WARN_DIRECT_OBJC_ISA_USAGE = YES_ERROR;
				CLANG_WARN_EMPTY_BODY = YES;
				CLANG_WARN_ENUM_CONVERSION = YES;
				CLANG_WARN_INT_CONVERSION = YES;
				CLANG_WARN_OBJC_ROOT_CLASS = YES_ERROR;
				CLANG_WARN_UNREACHABLE_CODE = YES;
				CLANG_WARN__DUPLICATE_METHOD_MATCH = YES;
				"CODE_SIGN_IDENTITY[sdk=iphoneos*]" = "iPhone Developer";
				COPY_PHASE_STRIP = NO;
				DEBUG_INFORMATION_FORMAT = "dwarf-with-dsym";
				ENABLE_STRICT_OBJC_MSGSEND = YES;
				GCC_C_LANGUAGE_STANDARD = gnu99;
				GCC_DYNAMIC_NO_PIC = NO;
				GCC_NO_COMMON_BLOCKS = YES;
				GCC_OPTIMIZATION_LEVEL = 0;
				GCC_PREPROCESSOR_DEFINITIONS = (
					"DEBUG=1",
					"$(inherited)",
				);
				GCC_SYMBOLS_PRIVATE_EXTERN = NO;
				GCC_WARN_64_TO_32_BIT_CONVERSION = YES;
				GCC_WARN_ABOUT_RETURN_TYPE = YES_ERROR;
				GCC_WARN_UNDECLARED_SELECTOR = YES;
				GCC_WARN_UNINITIALIZED_AUTOS = YES_AGGRESSIVE;
				GCC_WARN_UNUSED_FUNCTION = YES;
				GCC_WARN_UNUSED_VARIABLE = YES;
				IPHONEOS_DEPLOYMENT_TARGET = 8.4;
				MTL_ENABLE_DEBUG_INFO = YES;
				ONLY_ACTIVE_ARCH = YES;
				SDKROOT = iphoneos;
				SWIFT_OPTIMIZATION_LEVEL = "-Onone";
			};
			name = Debug;
		};
		F90D5F4A1B7A61F900629BF2 /* Release */ = {
			isa = XCBuildConfiguration;
			buildSettings = {
				ALWAYS_SEARCH_USER_PATHS = NO;
				CLANG_CXX_LANGUAGE_STANDARD = "gnu++0x";
				CLANG_CXX_LIBRARY = "libc++";
				CLANG_ENABLE_MODULES = YES;
				CLANG_ENABLE_OBJC_ARC = YES;
				CLANG_WARN_BOOL_CONVERSION = YES;
				CLANG_WARN_CONSTANT_CONVERSION = YES;
				CLANG_WARN_DIRECT_OBJC_ISA_USAGE = YES_ERROR;
				CLANG_WARN_EMPTY_BODY = YES;
				CLANG_WARN_ENUM_CONVERSION = YES;
				CLANG_WARN_INT_CONVERSION = YES;
				CLANG_WARN_OBJC_ROOT_CLASS = YES_ERROR;
				CLANG_WARN_UNREACHABLE_CODE = YES;
				CLANG_WARN__DUPLICATE_METHOD_MATCH = YES;
				"CODE_SIGN_IDENTITY[sdk=iphoneos*]" = "iPhone Developer";
				COPY_PHASE_STRIP = NO;
				DEBUG_INFORMATION_FORMAT = "dwarf-with-dsym";
				ENABLE_NS_ASSERTIONS = NO;
				ENABLE_STRICT_OBJC_MSGSEND = YES;
				GCC_C_LANGUAGE_STANDARD = gnu99;
				GCC_NO_COMMON_BLOCKS = YES;
				GCC_WARN_64_TO_32_BIT_CONVERSION = YES;
				GCC_WARN_ABOUT_RETURN_TYPE = YES_ERROR;
				GCC_WARN_UNDECLARED_SELECTOR = YES;
				GCC_WARN_UNINITIALIZED_AUTOS = YES_AGGRESSIVE;
				GCC_WARN_UNUSED_FUNCTION = YES;
				GCC_WARN_UNUSED_VARIABLE = YES;
				IPHONEOS_DEPLOYMENT_TARGET = 8.4;
				MTL_ENABLE_DEBUG_INFO = NO;
				SDKROOT = iphoneos;
				VALIDATE_PRODUCT = YES;
			};
			name = Release;
		};
		F90D5F4C1B7A61F900629BF2 /* Debug */ = {
			isa = XCBuildConfiguration;
			buildSettings = {
				ASSETCATALOG_COMPILER_APPICON_NAME = AppIcon;
				INFOPLIST_FILE = testMultiTableView/Info.plist;
				LD_RUNPATH_SEARCH_PATHS = "$(inherited) @executable_path/Frameworks";
				PRODUCT_NAME = "$(TARGET_NAME)";
			};
			name = Debug;
		};
		F90D5F4D1B7A61F900629BF2 /* Release */ = {
			isa = XCBuildConfiguration;
			buildSettings = {
				ASSETCATALOG_COMPILER_APPICON_NAME = AppIcon;
				INFOPLIST_FILE = testMultiTableView/Info.plist;
				LD_RUNPATH_SEARCH_PATHS = "$(inherited) @executable_path/Frameworks";
				PRODUCT_NAME = "$(TARGET_NAME)";
			};
			name = Release;
		};
		F90D5F4F1B7A61F900629BF2 /* Debug */ = {
			isa = XCBuildConfiguration;
			buildSettings = {
				BUNDLE_LOADER = "$(TEST_HOST)";
				FRAMEWORK_SEARCH_PATHS = (
					"$(SDKROOT)/Developer/Library/Frameworks",
					"$(inherited)",
				);
				GCC_PREPROCESSOR_DEFINITIONS = (
					"DEBUG=1",
					"$(inherited)",
				);
				INFOPLIST_FILE = testMultiTableViewTests/Info.plist;
				LD_RUNPATH_SEARCH_PATHS = "$(inherited) @executable_path/Frameworks @loader_path/Frameworks";
				PRODUCT_NAME = "$(TARGET_NAME)";
				TEST_HOST = "$(BUILT_PRODUCTS_DIR)/testMultiTableView.app/testMultiTableView";
			};
			name = Debug;
		};
		F90D5F501B7A61F900629BF2 /* Release */ = {
			isa = XCBuildConfiguration;
			buildSettings = {
				BUNDLE_LOADER = "$(TEST_HOST)";
				FRAMEWORK_SEARCH_PATHS = (
					"$(SDKROOT)/Developer/Library/Frameworks",
					"$(inherited)",
				);
				INFOPLIST_FILE = testMultiTableViewTests/Info.plist;
				LD_RUNPATH_SEARCH_PATHS = "$(inherited) @executable_path/Frameworks @loader_path/Frameworks";
				PRODUCT_NAME = "$(TARGET_NAME)";
				TEST_HOST = "$(BUILT_PRODUCTS_DIR)/testMultiTableView.app/testMultiTableView";
			};
			name = Release;
		};
/* End XCBuildConfiguration section */

/* Begin XCConfigurationList section */
		F90D5F271B7A61F900629BF2 /* Build configuration list for PBXProject "testMultiTableView" */ = {
			isa = XCConfigurationList;
			buildConfigurations = (
				F90D5F491B7A61F900629BF2 /* Debug */,
				F90D5F4A1B7A61F900629BF2 /* Release */,
			);
			defaultConfigurationIsVisible = 0;
			defaultConfigurationName = Release;
		};
		F90D5F4B1B7A61F900629BF2 /* Build configuration list for PBXNativeTarget "testMultiTableView" */ = {
			isa = XCConfigurationList;
			buildConfigurations = (
				F90D5F4C1B7A61F900629BF2 /* Debug */,
				F90D5F4D1B7A61F900629BF2 /* Release */,
			);
			defaultConfigurationIsVisible = 0;
		};
		F90D5F4E1B7A61F900629BF2 /* Build configuration list for PBXNativeTarget "testMultiTableViewTests" */ = {
			isa = XCConfigurationList;
			buildConfigurations = (
				F90D5F4F1B7A61F900629BF2 /* Debug */,
				F90D5F501B7A61F900629BF2 /* Release */,
			);
			defaultConfigurationIsVisible = 0;
		};
/* End XCConfigurationList section */
	};
	rootObject = F90D5F241B7A61F900629BF2 /* Project object */;
}
